// !$*UTF8*$!
{
	archiveVersion = 1;
	classes = {
	};
	objectVersion = 46;
	objects = {

/* Begin PBXBuildFile section */
		CE4759171EFCBE8200E2B4E4 /* FLAnimatedImage.m in Sources */ = {isa = PBXBuildFile; fileRef = CE4759131EFCBE8200E2B4E4 /* FLAnimatedImage.m */; };
		CE4759181EFCBE8200E2B4E4 /* FLAnimatedImageView.m in Sources */ = {isa = PBXBuildFile; fileRef = CE4759151EFCBE8200E2B4E4 /* FLAnimatedImageView.m */; };
		CE4759191EFCBE8200E2B4E4 /* Info.plist in Resources */ = {isa = PBXBuildFile; fileRef = CE4759161EFCBE8200E2B4E4 /* Info.plist */; };
		CE56D09D1EF8CE20005F2CB9 /* main.m in Sources */ = {isa = PBXBuildFile; fileRef = CE56D09C1EF8CE20005F2CB9 /* main.m */; };
		CE56D0A01EF8CE20005F2CB9 /* AppDelegate.m in Sources */ = {isa = PBXBuildFile; fileRef = CE56D09F1EF8CE20005F2CB9 /* AppDelegate.m */; };
		CE56D0A31EF8CE20005F2CB9 /* ViewController.m in Sources */ = {isa = PBXBuildFile; fileRef = CE56D0A21EF8CE20005F2CB9 /* ViewController.m */; };
		CE56D0A61EF8CE20005F2CB9 /* Main.storyboard in Resources */ = {isa = PBXBuildFile; fileRef = CE56D0A41EF8CE20005F2CB9 /* Main.storyboard */; };
		CE56D0A81EF8CE20005F2CB9 /* Assets.xcassets in Resources */ = {isa = PBXBuildFile; fileRef = CE56D0A71EF8CE20005F2CB9 /* Assets.xcassets */; };
		CE56D0AB1EF8CE20005F2CB9 /* LaunchScreen.storyboard in Resources */ = {isa = PBXBuildFile; fileRef = CE56D0A91EF8CE20005F2CB9 /* LaunchScreen.storyboard */; };
		CE56D0B51EF8ECF9005F2CB9 /* LRCyCleScrollView.m in Sources */ = {isa = PBXBuildFile; fileRef = CE56D0B41EF8ECF9005F2CB9 /* LRCyCleScrollView.m */; };
		CE575AAC1EFA47230062EAFC /* NSTimer+UnRetain.m in Sources */ = {isa = PBXBuildFile; fileRef = CE575AAB1EFA47230062EAFC /* NSTimer+UnRetain.m */; };
		CE575AD81EFA72FD0062EAFC /* FLAnimatedImageView+WebCache.m in Sources */ = {isa = PBXBuildFile; fileRef = CE575AB01EFA72FD0062EAFC /* FLAnimatedImageView+WebCache.m */; };
		CE575AD91EFA72FD0062EAFC /* MKAnnotationView+WebCache.m in Sources */ = {isa = PBXBuildFile; fileRef = CE575AB21EFA72FD0062EAFC /* MKAnnotationView+WebCache.m */; };
		CE575ADA1EFA72FD0062EAFC /* NSData+ImageContentType.m in Sources */ = {isa = PBXBuildFile; fileRef = CE575AB41EFA72FD0062EAFC /* NSData+ImageContentType.m */; };
		CE575ADB1EFA72FD0062EAFC /* NSImage+WebCache.m in Sources */ = {isa = PBXBuildFile; fileRef = CE575AB61EFA72FD0062EAFC /* NSImage+WebCache.m */; };
		CE575ADC1EFA72FD0062EAFC /* SDImageCache.m in Sources */ = {isa = PBXBuildFile; fileRef = CE575AB81EFA72FD0062EAFC /* SDImageCache.m */; };
		CE575ADD1EFA72FD0062EAFC /* SDImageCacheConfig.m in Sources */ = {isa = PBXBuildFile; fileRef = CE575ABA1EFA72FD0062EAFC /* SDImageCacheConfig.m */; };
		CE575ADE1EFA72FD0062EAFC /* SDWebImageCompat.m in Sources */ = {isa = PBXBuildFile; fileRef = CE575ABC1EFA72FD0062EAFC /* SDWebImageCompat.m */; };
		CE575ADF1EFA72FD0062EAFC /* SDWebImageDecoder.m in Sources */ = {isa = PBXBuildFile; fileRef = CE575ABE1EFA72FD0062EAFC /* SDWebImageDecoder.m */; };
		CE575AE01EFA72FD0062EAFC /* SDWebImageDownloader.m in Sources */ = {isa = PBXBuildFile; fileRef = CE575AC01EFA72FD0062EAFC /* SDWebImageDownloader.m */; };
		CE575AE11EFA72FD0062EAFC /* SDWebImageDownloaderOperation.m in Sources */ = {isa = PBXBuildFile; fileRef = CE575AC21EFA72FD0062EAFC /* SDWebImageDownloaderOperation.m */; };
		CE575AE21EFA72FD0062EAFC /* SDWebImageManager.m in Sources */ = {isa = PBXBuildFile; fileRef = CE575AC41EFA72FD0062EAFC /* SDWebImageManager.m */; };
		CE575AE31EFA72FD0062EAFC /* SDWebImagePrefetcher.m in Sources */ = {isa = PBXBuildFile; fileRef = CE575AC71EFA72FD0062EAFC /* SDWebImagePrefetcher.m */; };
		CE575AE41EFA72FD0062EAFC /* UIButton+WebCache.m in Sources */ = {isa = PBXBuildFile; fileRef = CE575AC91EFA72FD0062EAFC /* UIButton+WebCache.m */; };
		CE575AE51EFA72FD0062EAFC /* UIImage+GIF.m in Sources */ = {isa = PBXBuildFile; fileRef = CE575ACB1EFA72FD0062EAFC /* UIImage+GIF.m */; };
		CE575AE61EFA72FD0062EAFC /* UIImage+MultiFormat.m in Sources */ = {isa = PBXBuildFile; fileRef = CE575ACD1EFA72FD0062EAFC /* UIImage+MultiFormat.m */; };
		CE575AE71EFA72FD0062EAFC /* UIImage+WebP.m in Sources */ = {isa = PBXBuildFile; fileRef = CE575ACF1EFA72FD0062EAFC /* UIImage+WebP.m */; };
		CE575AE81EFA72FD0062EAFC /* UIImageView+HighlightedWebCache.m in Sources */ = {isa = PBXBuildFile; fileRef = CE575AD11EFA72FD0062EAFC /* UIImageView+HighlightedWebCache.m */; };
		CE575AE91EFA72FD0062EAFC /* UIImageView+WebCache.m in Sources */ = {isa = PBXBuildFile; fileRef = CE575AD31EFA72FD0062EAFC /* UIImageView+WebCache.m */; };
		CE575AEA1EFA72FD0062EAFC /* UIView+WebCache.m in Sources */ = {isa = PBXBuildFile; fileRef = CE575AD51EFA72FD0062EAFC /* UIView+WebCache.m */; };
		CE575AEB1EFA72FD0062EAFC /* UIView+WebCacheOperation.m in Sources */ = {isa = PBXBuildFile; fileRef = CE575AD71EFA72FD0062EAFC /* UIView+WebCacheOperation.m */; };
		CE575AEE1EFA77030062EAFC /* img_1.jpg in Resources */ = {isa = PBXBuildFile; fileRef = CE575AED1EFA77030062EAFC /* img_1.jpg */; };
		CE575AF01EFA77130062EAFC /* img_0.jpg in Resources */ = {isa = PBXBuildFile; fileRef = CE575AEF1EFA77130062EAFC /* img_0.jpg */; };
		CE575AF21EFA77F40062EAFC /* img_2.jpg in Resources */ = {isa = PBXBuildFile; fileRef = CE575AF11EFA77F40062EAFC /* img_2.jpg */; };
		CE575AF41EFA78130062EAFC /* img_3.jpg in Resources */ = {isa = PBXBuildFile; fileRef = CE575AF31EFA78130062EAFC /* img_3.jpg */; };
		CE575AF61EFA78280062EAFC /* img_4.jpg in Resources */ = {isa = PBXBuildFile; fileRef = CE575AF51EFA78280062EAFC /* img_4.jpg */; };
/* End PBXBuildFile section */

/* Begin PBXFileReference section */
		CE4759121EFCBE8200E2B4E4 /* FLAnimatedImage.h */ = {isa = PBXFileReference; fileEncoding = 4; lastKnownFileType = sourcecode.c.h; path = FLAnimatedImage.h; sourceTree = "<group>"; };
		CE4759131EFCBE8200E2B4E4 /* FLAnimatedImage.m */ = {isa = PBXFileReference; fileEncoding = 4; lastKnownFileType = sourcecode.c.objc; path = FLAnimatedImage.m; sourceTree = "<group>"; };
		CE4759141EFCBE8200E2B4E4 /* FLAnimatedImageView.h */ = {isa = PBXFileReference; fileEncoding = 4; lastKnownFileType = sourcecode.c.h; path = FLAnimatedImageView.h; sourceTree = "<group>"; };
		CE4759151EFCBE8200E2B4E4 /* FLAnimatedImageView.m */ = {isa = PBXFileReference; fileEncoding = 4; lastKnownFileType = sourcecode.c.objc; path = FLAnimatedImageView.m; sourceTree = "<group>"; };
		CE4759161EFCBE8200E2B4E4 /* Info.plist */ = {isa = PBXFileReference; fileEncoding = 4; lastKnownFileType = text.plist.xml; path = Info.plist; sourceTree = "<group>"; };
		CE56D0981EF8CE20005F2CB9 /* LRCycleViewDemo.app */ = {isa = PBXFileReference; explicitFileType = wrapper.application; includeInIndex = 0; path = LRCycleViewDemo.app; sourceTree = BUILT_PRODUCTS_DIR; };
		CE56D09C1EF8CE20005F2CB9 /* main.m */ = {isa = PBXFileReference; lastKnownFileType = sourcecode.c.objc; path = main.m; sourceTree = "<group>"; };
		CE56D09E1EF8CE20005F2CB9 /* AppDelegate.h */ = {isa = PBXFileReference; lastKnownFileType = sourcecode.c.h; path = AppDelegate.h; sourceTree = "<group>"; };
		CE56D09F1EF8CE20005F2CB9 /* AppDelegate.m */ = {isa = PBXFileReference; lastKnownFileType = sourcecode.c.objc; path = AppDelegate.m; sourceTree = "<group>"; };
		CE56D0A11EF8CE20005F2CB9 /* ViewController.h */ = {isa = PBXFileReference; lastKnownFileType = sourcecode.c.h; path = ViewController.h; sourceTree = "<group>"; };
		CE56D0A21EF8CE20005F2CB9 /* ViewController.m */ = {isa = PBXFileReference; lastKnownFileType = sourcecode.c.objc; path = ViewController.m; sourceTree = "<group>"; };
		CE56D0A51EF8CE20005F2CB9 /* Base */ = {isa = PBXFileReference; lastKnownFileType = file.storyboard; name = Base; path = Base.lproj/Main.storyboard; sourceTree = "<group>"; };
		CE56D0A71EF8CE20005F2CB9 /* Assets.xcassets */ = {isa = PBXFileReference; lastKnownFileType = folder.assetcatalog; path = Assets.xcassets; sourceTree = "<group>"; };
		CE56D0AA1EF8CE20005F2CB9 /* Base */ = {isa = PBXFileReference; lastKnownFileType = file.storyboard; name = Base; path = Base.lproj/LaunchScreen.storyboard; sourceTree = "<group>"; };
		CE56D0AC1EF8CE20005F2CB9 /* Info.plist */ = {isa = PBXFileReference; lastKnownFileType = text.plist.xml; path = Info.plist; sourceTree = "<group>"; };
		CE56D0B31EF8ECF9005F2CB9 /* LRCyCleScrollView.h */ = {isa = PBXFileReference; fileEncoding = 4; lastKnownFileType = sourcecode.c.h; path = LRCyCleScrollView.h; sourceTree = "<group>"; };
		CE56D0B41EF8ECF9005F2CB9 /* LRCyCleScrollView.m */ = {isa = PBXFileReference; fileEncoding = 4; lastKnownFileType = sourcecode.c.objc; path = LRCyCleScrollView.m; sourceTree = "<group>"; };
		CE575AAA1EFA47230062EAFC /* NSTimer+UnRetain.h */ = {isa = PBXFileReference; fileEncoding = 4; lastKnownFileType = sourcecode.c.h; path = "NSTimer+UnRetain.h"; sourceTree = "<group>"; };
		CE575AAB1EFA47230062EAFC /* NSTimer+UnRetain.m */ = {isa = PBXFileReference; fileEncoding = 4; lastKnownFileType = sourcecode.c.objc; path = "NSTimer+UnRetain.m"; sourceTree = "<group>"; };
		CE575AAF1EFA72FD0062EAFC /* FLAnimatedImageView+WebCache.h */ = {isa = PBXFileReference; fileEncoding = 4; lastKnownFileType = sourcecode.c.h; path = "FLAnimatedImageView+WebCache.h"; sourceTree = "<group>"; };
		CE575AB01EFA72FD0062EAFC /* FLAnimatedImageView+WebCache.m */ = {isa = PBXFileReference; fileEncoding = 4; lastKnownFileType = sourcecode.c.objc; path = "FLAnimatedImageView+WebCache.m"; sourceTree = "<group>"; };
		CE575AB11EFA72FD0062EAFC /* MKAnnotationView+WebCache.h */ = {isa = PBXFileReference; fileEncoding = 4; lastKnownFileType = sourcecode.c.h; path = "MKAnnotationView+WebCache.h"; sourceTree = "<group>"; };
		CE575AB21EFA72FD0062EAFC /* MKAnnotationView+WebCache.m */ = {isa = PBXFileReference; fileEncoding = 4; lastKnownFileType = sourcecode.c.objc; path = "MKAnnotationView+WebCache.m"; sourceTree = "<group>"; };
		CE575AB31EFA72FD0062EAFC /* NSData+ImageContentType.h */ = {isa = PBXFileReference; fileEncoding = 4; lastKnownFileType = sourcecode.c.h; path = "NSData+ImageContentType.h"; sourceTree = "<group>"; };
		CE575AB41EFA72FD0062EAFC /* NSData+ImageContentType.m */ = {isa = PBXFileReference; fileEncoding = 4; lastKnownFileType = sourcecode.c.objc; path = "NSData+ImageContentType.m"; sourceTree = "<group>"; };
		CE575AB51EFA72FD0062EAFC /* NSImage+WebCache.h */ = {isa = PBXFileReference; fileEncoding = 4; lastKnownFileType = sourcecode.c.h; path = "NSImage+WebCache.h"; sourceTree = "<group>"; };
		CE575AB61EFA72FD0062EAFC /* NSImage+WebCache.m */ = {isa = PBXFileReference; fileEncoding = 4; lastKnownFileType = sourcecode.c.objc; path = "NSImage+WebCache.m"; sourceTree = "<group>"; };
		CE575AB71EFA72FD0062EAFC /* SDImageCache.h */ = {isa = PBXFileReference; fileEncoding = 4; lastKnownFileType = sourcecode.c.h; path = SDImageCache.h; sourceTree = "<group>"; };
		CE575AB81EFA72FD0062EAFC /* SDImageCache.m */ = {isa = PBXFileReference; fileEncoding = 4; lastKnownFileType = sourcecode.c.objc; path = SDImageCache.m; sourceTree = "<group>"; };
		CE575AB91EFA72FD0062EAFC /* SDImageCacheConfig.h */ = {isa = PBXFileReference; fileEncoding = 4; lastKnownFileType = sourcecode.c.h; path = SDImageCacheConfig.h; sourceTree = "<group>"; };
		CE575ABA1EFA72FD0062EAFC /* SDImageCacheConfig.m */ = {isa = PBXFileReference; fileEncoding = 4; lastKnownFileType = sourcecode.c.objc; path = SDImageCacheConfig.m; sourceTree = "<group>"; };
		CE575ABB1EFA72FD0062EAFC /* SDWebImageCompat.h */ = {isa = PBXFileReference; fileEncoding = 4; lastKnownFileType = sourcecode.c.h; path = SDWebImageCompat.h; sourceTree = "<group>"; };
		CE575ABC1EFA72FD0062EAFC /* SDWebImageCompat.m */ = {isa = PBXFileReference; fileEncoding = 4; lastKnownFileType = sourcecode.c.objc; path = SDWebImageCompat.m; sourceTree = "<group>"; };
		CE575ABD1EFA72FD0062EAFC /* SDWebImageDecoder.h */ = {isa = PBXFileReference; fileEncoding = 4; lastKnownFileType = sourcecode.c.h; path = SDWebImageDecoder.h; sourceTree = "<group>"; };
		CE575ABE1EFA72FD0062EAFC /* SDWebImageDecoder.m */ = {isa = PBXFileReference; fileEncoding = 4; lastKnownFileType = sourcecode.c.objc; path = SDWebImageDecoder.m; sourceTree = "<group>"; };
		CE575ABF1EFA72FD0062EAFC /* SDWebImageDownloader.h */ = {isa = PBXFileReference; fileEncoding = 4; lastKnownFileType = sourcecode.c.h; path = SDWebImageDownloader.h; sourceTree = "<group>"; };
		CE575AC01EFA72FD0062EAFC /* SDWebImageDownloader.m */ = {isa = PBXFileReference; fileEncoding = 4; lastKnownFileType = sourcecode.c.objc; path = SDWebImageDownloader.m; sourceTree = "<group>"; };
		CE575AC11EFA72FD0062EAFC /* SDWebImageDownloaderOperation.h */ = {isa = PBXFileReference; fileEncoding = 4; lastKnownFileType = sourcecode.c.h; path = SDWebImageDownloaderOperation.h; sourceTree = "<group>"; };
		CE575AC21EFA72FD0062EAFC /* SDWebImageDownloaderOperation.m */ = {isa = PBXFileReference; fileEncoding = 4; lastKnownFileType = sourcecode.c.objc; path = SDWebImageDownloaderOperation.m; sourceTree = "<group>"; };
		CE575AC31EFA72FD0062EAFC /* SDWebImageManager.h */ = {isa = PBXFileReference; fileEncoding = 4; lastKnownFileType = sourcecode.c.h; path = SDWebImageManager.h; sourceTree = "<group>"; };
		CE575AC41EFA72FD0062EAFC /* SDWebImageManager.m */ = {isa = PBXFileReference; fileEncoding = 4; lastKnownFileType = sourcecode.c.objc; path = SDWebImageManager.m; sourceTree = "<group>"; };
		CE575AC51EFA72FD0062EAFC /* SDWebImageOperation.h */ = {isa = PBXFileReference; fileEncoding = 4; lastKnownFileType = sourcecode.c.h; path = SDWebImageOperation.h; sourceTree = "<group>"; };
		CE575AC61EFA72FD0062EAFC /* SDWebImagePrefetcher.h */ = {isa = PBXFileReference; fileEncoding = 4; lastKnownFileType = sourcecode.c.h; path = SDWebImagePrefetcher.h; sourceTree = "<group>"; };
		CE575AC71EFA72FD0062EAFC /* SDWebImagePrefetcher.m */ = {isa = PBXFileReference; fileEncoding = 4; lastKnownFileType = sourcecode.c.objc; path = SDWebImagePrefetcher.m; sourceTree = "<group>"; };
		CE575AC81EFA72FD0062EAFC /* UIButton+WebCache.h */ = {isa = PBXFileReference; fileEncoding = 4; lastKnownFileType = sourcecode.c.h; path = "UIButton+WebCache.h"; sourceTree = "<group>"; };
		CE575AC91EFA72FD0062EAFC /* UIButton+WebCache.m */ = {isa = PBXFileReference; fileEncoding = 4; lastKnownFileType = sourcecode.c.objc; path = "UIButton+WebCache.m"; sourceTree = "<group>"; };
		CE575ACA1EFA72FD0062EAFC /* UIImage+GIF.h */ = {isa = PBXFileReference; fileEncoding = 4; lastKnownFileType = sourcecode.c.h; path = "UIImage+GIF.h"; sourceTree = "<group>"; };
		CE575ACB1EFA72FD0062EAFC /* UIImage+GIF.m */ = {isa = PBXFileReference; fileEncoding = 4; lastKnownFileType = sourcecode.c.objc; path = "UIImage+GIF.m"; sourceTree = "<group>"; };
		CE575ACC1EFA72FD0062EAFC /* UIImage+MultiFormat.h */ = {isa = PBXFileReference; fileEncoding = 4; lastKnownFileType = sourcecode.c.h; path = "UIImage+MultiFormat.h"; sourceTree = "<group>"; };
		CE575ACD1EFA72FD0062EAFC /* UIImage+MultiFormat.m */ = {isa = PBXFileReference; fileEncoding = 4; lastKnownFileType = sourcecode.c.objc; path = "UIImage+MultiFormat.m"; sourceTree = "<group>"; };
		CE575ACE1EFA72FD0062EAFC /* UIImage+WebP.h */ = {isa = PBXFileReference; fileEncoding = 4; lastKnownFileType = sourcecode.c.h; path = "UIImage+WebP.h"; sourceTree = "<group>"; };
		CE575ACF1EFA72FD0062EAFC /* UIImage+WebP.m */ = {isa = PBXFileReference; fileEncoding = 4; lastKnownFileType = sourcecode.c.objc; path = "UIImage+WebP.m"; sourceTree = "<group>"; };
		CE575AD01EFA72FD0062EAFC /* UIImageView+HighlightedWebCache.h */ = {isa = PBXFileReference; fileEncoding = 4; lastKnownFileType = sourcecode.c.h; path = "UIImageView+HighlightedWebCache.h"; sourceTree = "<group>"; };
		CE575AD11EFA72FD0062EAFC /* UIImageView+HighlightedWebCache.m */ = {isa = PBXFileReference; fileEncoding = 4; lastKnownFileType = sourcecode.c.objc; path = "UIImageView+HighlightedWebCache.m"; sourceTree = "<group>"; };
		CE575AD21EFA72FD0062EAFC /* UIImageView+WebCache.h */ = {isa = PBXFileReference; fileEncoding = 4; lastKnownFileType = sourcecode.c.h; path = "UIImageView+WebCache.h"; sourceTree = "<group>"; };
		CE575AD31EFA72FD0062EAFC /* UIImageView+WebCache.m */ = {isa = PBXFileReference; fileEncoding = 4; lastKnownFileType = sourcecode.c.objc; path = "UIImageView+WebCache.m"; sourceTree = "<group>"; };
		CE575AD41EFA72FD0062EAFC /* UIView+WebCache.h */ = {isa = PBXFileReference; fileEncoding = 4; lastKnownFileType = sourcecode.c.h; path = "UIView+WebCache.h"; sourceTree = "<group>"; };
		CE575AD51EFA72FD0062EAFC /* UIView+WebCache.m */ = {isa = PBXFileReference; fileEncoding = 4; lastKnownFileType = sourcecode.c.objc; path = "UIView+WebCache.m"; sourceTree = "<group>"; };
		CE575AD61EFA72FD0062EAFC /* UIView+WebCacheOperation.h */ = {isa = PBXFileReference; fileEncoding = 4; lastKnownFileType = sourcecode.c.h; path = "UIView+WebCacheOperation.h"; sourceTree = "<group>"; };
		CE575AD71EFA72FD0062EAFC /* UIView+WebCacheOperation.m */ = {isa = PBXFileReference; fileEncoding = 4; lastKnownFileType = sourcecode.c.objc; path = "UIView+WebCacheOperation.m"; sourceTree = "<group>"; };
		CE575AED1EFA77030062EAFC /* img_1.jpg */ = {isa = PBXFileReference; lastKnownFileType = image.jpeg; path = img_1.jpg; sourceTree = "<group>"; };
		CE575AEF1EFA77130062EAFC /* img_0.jpg */ = {isa = PBXFileReference; lastKnownFileType = image.jpeg; path = img_0.jpg; sourceTree = "<group>"; };
		CE575AF11EFA77F40062EAFC /* img_2.jpg */ = {isa = PBXFileReference; lastKnownFileType = image.jpeg; path = img_2.jpg; sourceTree = "<group>"; };
		CE575AF31EFA78130062EAFC /* img_3.jpg */ = {isa = PBXFileReference; lastKnownFileType = image.jpeg; path = img_3.jpg; sourceTree = "<group>"; };
		CE575AF51EFA78280062EAFC /* img_4.jpg */ = {isa = PBXFileReference; lastKnownFileType = image.jpeg; path = img_4.jpg; sourceTree = "<group>"; };
/* End PBXFileReference section */

/* Begin PBXFrameworksBuildPhase section */
		CE56D0951EF8CE20005F2CB9 /* Frameworks */ = {
			isa = PBXFrameworksBuildPhase;
			buildActionMask = 2147483647;
			files = (
			);
			runOnlyForDeploymentPostprocessing = 0;
		};
/* End PBXFrameworksBuildPhase section */

/* Begin PBXGroup section */
		CE4759111EFCBE8200E2B4E4 /* FLAnimatedImage */ = {
			isa = PBXGroup;
			children = (
				CE4759121EFCBE8200E2B4E4 /* FLAnimatedImage.h */,
				CE4759131EFCBE8200E2B4E4 /* FLAnimatedImage.m */,
				CE4759141EFCBE8200E2B4E4 /* FLAnimatedImageView.h */,
				CE4759151EFCBE8200E2B4E4 /* FLAnimatedImageView.m */,
				CE4759161EFCBE8200E2B4E4 /* Info.plist */,
			);
			path = FLAnimatedImage;
			sourceTree = "<group>";
		};
		CE56D08F1EF8CE1F005F2CB9 = {
			isa = PBXGroup;
			children = (
				CE56D09A1EF8CE20005F2CB9 /* LRCycleViewDemo */,
				CE56D0991EF8CE20005F2CB9 /* Products */,
			);
			sourceTree = "<group>";
		};
		CE56D0991EF8CE20005F2CB9 /* Products */ = {
			isa = PBXGroup;
			children = (
				CE56D0981EF8CE20005F2CB9 /* LRCycleViewDemo.app */,
			);
			name = Products;
			sourceTree = "<group>";
		};
		CE56D09A1EF8CE20005F2CB9 /* LRCycleViewDemo */ = {
			isa = PBXGroup;
			children = (
				CE575AEC1EFA76F40062EAFC /* Resource */,
				CE4759111EFCBE8200E2B4E4 /* FLAnimatedImage */,
				CE575AAD1EFA72FD0062EAFC /* SDWebImage */,
				CE56D0B21EF8CE49005F2CB9 /* LRCycleView */,
				CE56D09E1EF8CE20005F2CB9 /* AppDelegate.h */,
				CE56D09F1EF8CE20005F2CB9 /* AppDelegate.m */,
				CE56D0A11EF8CE20005F2CB9 /* ViewController.h */,
				CE56D0A21EF8CE20005F2CB9 /* ViewController.m */,
				CE56D0A41EF8CE20005F2CB9 /* Main.storyboard */,
				CE56D0A71EF8CE20005F2CB9 /* Assets.xcassets */,
				CE56D0A91EF8CE20005F2CB9 /* LaunchScreen.storyboard */,
				CE56D0AC1EF8CE20005F2CB9 /* Info.plist */,
				CE56D09B1EF8CE20005F2CB9 /* Supporting Files */,
			);
			path = LRCycleViewDemo;
			sourceTree = "<group>";
		};
		CE56D09B1EF8CE20005F2CB9 /* Supporting Files */ = {
			isa = PBXGroup;
			children = (
				CE56D09C1EF8CE20005F2CB9 /* main.m */,
			);
			name = "Supporting Files";
			sourceTree = "<group>";
		};
		CE56D0B21EF8CE49005F2CB9 /* LRCycleView */ = {
			isa = PBXGroup;
			children = (
				CE575AAA1EFA47230062EAFC /* NSTimer+UnRetain.h */,
				CE575AAB1EFA47230062EAFC /* NSTimer+UnRetain.m */,
				CE56D0B31EF8ECF9005F2CB9 /* LRCyCleScrollView.h */,
				CE56D0B41EF8ECF9005F2CB9 /* LRCyCleScrollView.m */,
			);
			path = LRCycleView;
			sourceTree = "<group>";
		};
		CE575AAD1EFA72FD0062EAFC /* SDWebImage */ = {
			isa = PBXGroup;
			children = (
				CE575AAE1EFA72FD0062EAFC /* FLAnimatedImage */,
				CE575AB11EFA72FD0062EAFC /* MKAnnotationView+WebCache.h */,
				CE575AB21EFA72FD0062EAFC /* MKAnnotationView+WebCache.m */,
				CE575AB31EFA72FD0062EAFC /* NSData+ImageContentType.h */,
				CE575AB41EFA72FD0062EAFC /* NSData+ImageContentType.m */,
				CE575AB51EFA72FD0062EAFC /* NSImage+WebCache.h */,
				CE575AB61EFA72FD0062EAFC /* NSImage+WebCache.m */,
				CE575AB71EFA72FD0062EAFC /* SDImageCache.h */,
				CE575AB81EFA72FD0062EAFC /* SDImageCache.m */,
				CE575AB91EFA72FD0062EAFC /* SDImageCacheConfig.h */,
				CE575ABA1EFA72FD0062EAFC /* SDImageCacheConfig.m */,
				CE575ABB1EFA72FD0062EAFC /* SDWebImageCompat.h */,
				CE575ABC1EFA72FD0062EAFC /* SDWebImageCompat.m */,
				CE575ABD1EFA72FD0062EAFC /* SDWebImageDecoder.h */,
				CE575ABE1EFA72FD0062EAFC /* SDWebImageDecoder.m */,
				CE575ABF1EFA72FD0062EAFC /* SDWebImageDownloader.h */,
				CE575AC01EFA72FD0062EAFC /* SDWebImageDownloader.m */,
				CE575AC11EFA72FD0062EAFC /* SDWebImageDownloaderOperation.h */,
				CE575AC21EFA72FD0062EAFC /* SDWebImageDownloaderOperation.m */,
				CE575AC31EFA72FD0062EAFC /* SDWebImageManager.h */,
				CE575AC41EFA72FD0062EAFC /* SDWebImageManager.m */,
				CE575AC51EFA72FD0062EAFC /* SDWebImageOperation.h */,
				CE575AC61EFA72FD0062EAFC /* SDWebImagePrefetcher.h */,
				CE575AC71EFA72FD0062EAFC /* SDWebImagePrefetcher.m */,
				CE575AC81EFA72FD0062EAFC /* UIButton+WebCache.h */,
				CE575AC91EFA72FD0062EAFC /* UIButton+WebCache.m */,
				CE575ACA1EFA72FD0062EAFC /* UIImage+GIF.h */,
				CE575ACB1EFA72FD0062EAFC /* UIImage+GIF.m */,
				CE575ACC1EFA72FD0062EAFC /* UIImage+MultiFormat.h */,
				CE575ACD1EFA72FD0062EAFC /* UIImage+MultiFormat.m */,
				CE575ACE1EFA72FD0062EAFC /* UIImage+WebP.h */,
				CE575ACF1EFA72FD0062EAFC /* UIImage+WebP.m */,
				CE575AD01EFA72FD0062EAFC /* UIImageView+HighlightedWebCache.h */,
				CE575AD11EFA72FD0062EAFC /* UIImageView+HighlightedWebCache.m */,
				CE575AD21EFA72FD0062EAFC /* UIImageView+WebCache.h */,
				CE575AD31EFA72FD0062EAFC /* UIImageView+WebCache.m */,
				CE575AD41EFA72FD0062EAFC /* UIView+WebCache.h */,
				CE575AD51EFA72FD0062EAFC /* UIView+WebCache.m */,
				CE575AD61EFA72FD0062EAFC /* UIView+WebCacheOperation.h */,
				CE575AD71EFA72FD0062EAFC /* UIView+WebCacheOperation.m */,
			);
			path = SDWebImage;
			sourceTree = "<group>";
		};
		CE575AAE1EFA72FD0062EAFC /* FLAnimatedImage */ = {
			isa = PBXGroup;
			children = (
				CE575AAF1EFA72FD0062EAFC /* FLAnimatedImageView+WebCache.h */,
				CE575AB01EFA72FD0062EAFC /* FLAnimatedImageView+WebCache.m */,
			);
			path = FLAnimatedImage;
			sourceTree = "<group>";
		};
		CE575AEC1EFA76F40062EAFC /* Resource */ = {
			isa = PBXGroup;
			children = (
				CE575AEF1EFA77130062EAFC /* img_0.jpg */,
				CE575AED1EFA77030062EAFC /* img_1.jpg */,
				CE575AF11EFA77F40062EAFC /* img_2.jpg */,
				CE575AF31EFA78130062EAFC /* img_3.jpg */,
				CE575AF51EFA78280062EAFC /* img_4.jpg */,
			);
			name = Resource;
			path = resource;
			sourceTree = "<group>";
		};
/* End PBXGroup section */

/* Begin PBXNativeTarget section */
		CE56D0971EF8CE20005F2CB9 /* LRCycleViewDemo */ = {
			isa = PBXNativeTarget;
			buildConfigurationList = CE56D0AF1EF8CE20005F2CB9 /* Build configuration list for PBXNativeTarget "LRCycleViewDemo" */;
			buildPhases = (
				CE56D0941EF8CE20005F2CB9 /* Sources */,
				CE56D0951EF8CE20005F2CB9 /* Frameworks */,
				CE56D0961EF8CE20005F2CB9 /* Resources */,
			);
			buildRules = (
			);
			dependencies = (
			);
			name = LRCycleViewDemo;
			productName = LRCycleViewDemo;
			productReference = CE56D0981EF8CE20005F2CB9 /* LRCycleViewDemo.app */;
			productType = "com.apple.product-type.application";
		};
/* End PBXNativeTarget section */

/* Begin PBXProject section */
		CE56D0901EF8CE1F005F2CB9 /* Project object */ = {
			isa = PBXProject;
			attributes = {
				LastUpgradeCheck = 0830;
				ORGANIZATIONNAME = Hcat;
				TargetAttributes = {
					CE56D0971EF8CE20005F2CB9 = {
						CreatedOnToolsVersion = 8.3.3;
						DevelopmentTeam = XYWLXM32EU;
						ProvisioningStyle = Automatic;
					};
				};
			};
			buildConfigurationList = CE56D0931EF8CE1F005F2CB9 /* Build configuration list for PBXProject "LRCycleViewDemo" */;
			compatibilityVersion = "Xcode 3.2";
			developmentRegion = English;
			hasScannedForEncodings = 0;
			knownRegions = (
				en,
				Base,
			);
			mainGroup = CE56D08F1EF8CE1F005F2CB9;
			productRefGroup = CE56D0991EF8CE20005F2CB9 /* Products */;
			projectDirPath = "";
			projectRoot = "";
			targets = (
				CE56D0971EF8CE20005F2CB9 /* LRCycleViewDemo */,
			);
		};
/* End PBXProject section */

/* Begin PBXResourcesBuildPhase section */
		CE56D0961EF8CE20005F2CB9 /* Resources */ = {
			isa = PBXResourcesBuildPhase;
			buildActionMask = 2147483647;
			files = (
				CE575AF01EFA77130062EAFC /* img_0.jpg in Resources */,
				CE56D0AB1EF8CE20005F2CB9 /* LaunchScreen.storyboard in Resources */,
				CE4759191EFCBE8200E2B4E4 /* Info.plist in Resources */,
				CE575AF21EFA77F40062EAFC /* img_2.jpg in Resources */,
				CE575AF61EFA78280062EAFC /* img_4.jpg in Resources */,
				CE56D0A81EF8CE20005F2CB9 /* Assets.xcassets in Resources */,
				CE575AF41EFA78130062EAFC /* img_3.jpg in Resources */,
				CE575AEE1EFA77030062EAFC /* img_1.jpg in Resources */,
				CE56D0A61EF8CE20005F2CB9 /* Main.storyboard in Resources */,
			);
			runOnlyForDeploymentPostprocessing = 0;
		};
/* End PBXResourcesBuildPhase section */

/* Begin PBXSourcesBuildPhase section */
		CE56D0941EF8CE20005F2CB9 /* Sources */ = {
			isa = PBXSourcesBuildPhase;
			buildActionMask = 2147483647;
			files = (
				CE575ADF1EFA72FD0062EAFC /* SDWebImageDecoder.m in Sources */,
				CE575AE21EFA72FD0062EAFC /* SDWebImageManager.m in Sources */,
				CE575AEA1EFA72FD0062EAFC /* UIView+WebCache.m in Sources */,
				CE575ADD1EFA72FD0062EAFC /* SDImageCacheConfig.m in Sources */,
				CE575ADE1EFA72FD0062EAFC /* SDWebImageCompat.m in Sources */,
				CE575AE71EFA72FD0062EAFC /* UIImage+WebP.m in Sources */,
				CE56D0A31EF8CE20005F2CB9 /* ViewController.m in Sources */,
				CE575AE81EFA72FD0062EAFC /* UIImageView+HighlightedWebCache.m in Sources */,
				CE56D0A01EF8CE20005F2CB9 /* AppDelegate.m in Sources */,
				CE575ADA1EFA72FD0062EAFC /* NSData+ImageContentType.m in Sources */,
				CE575AE41EFA72FD0062EAFC /* UIButton+WebCache.m in Sources */,
				CE4759181EFCBE8200E2B4E4 /* FLAnimatedImageView.m in Sources */,
				CE575AE31EFA72FD0062EAFC /* SDWebImagePrefetcher.m in Sources */,
				CE575AEB1EFA72FD0062EAFC /* UIView+WebCacheOperation.m in Sources */,
				CE575AE11EFA72FD0062EAFC /* SDWebImageDownloaderOperation.m in Sources */,
				CE56D0B51EF8ECF9005F2CB9 /* LRCyCleScrollView.m in Sources */,
				CE575AAC1EFA47230062EAFC /* NSTimer+UnRetain.m in Sources */,
				CE575AE61EFA72FD0062EAFC /* UIImage+MultiFormat.m in Sources */,
				CE575AD91EFA72FD0062EAFC /* MKAnnotationView+WebCache.m in Sources */,
				CE56D09D1EF8CE20005F2CB9 /* main.m in Sources */,
				CE575AD81EFA72FD0062EAFC /* FLAnimatedImageView+WebCache.m in Sources */,
				CE575ADB1EFA72FD0062EAFC /* NSImage+WebCache.m in Sources */,
				CE575AE51EFA72FD0062EAFC /* UIImage+GIF.m in Sources */,
				CE4759171EFCBE8200E2B4E4 /* FLAnimatedImage.m in Sources */,
				CE575AE01EFA72FD0062EAFC /* SDWebImageDownloader.m in Sources */,
				CE575AE91EFA72FD0062EAFC /* UIImageView+WebCache.m in Sources */,
				CE575ADC1EFA72FD0062EAFC /* SDImageCache.m in Sources */,
			);
			runOnlyForDeploymentPostprocessing = 0;
		};
/* End PBXSourcesBuildPhase section */

/* Begin PBXVariantGroup section */
		CE56D0A41EF8CE20005F2CB9 /* Main.storyboard */ = {
			isa = PBXVariantGroup;
			children = (
				CE56D0A51EF8CE20005F2CB9 /* Base */,
			);
			name = Main.storyboard;
			sourceTree = "<group>";
		};
		CE56D0A91EF8CE20005F2CB9 /* LaunchScreen.storyboard */ = {
			isa = PBXVariantGroup;
			children = (
				CE56D0AA1EF8CE20005F2CB9 /* Base */,
			);
			name = LaunchScreen.storyboard;
			sourceTree = "<group>";
		};
/* End PBXVariantGroup section */

/* Begin XCBuildConfiguration section */
		CE56D0AD1EF8CE20005F2CB9 /* Debug */ = {
			isa = XCBuildConfiguration;
			buildSettings = {
				ALWAYS_SEARCH_USER_PATHS = NO;
				CLANG_ANALYZER_NONNULL = YES;
				CLANG_ANALYZER_NUMBER_OBJECT_CONVERSION = YES_AGGRESSIVE;
				CLANG_CXX_LANGUAGE_STANDARD = "gnu++0x";
				CLANG_CXX_LIBRARY = "libc++";
				CLANG_ENABLE_MODULES = YES;
				CLANG_ENABLE_OBJC_ARC = YES;
				CLANG_WARN_BOOL_CONVERSION = YES;
				CLANG_WARN_CONSTANT_CONVERSION = YES;
				CLANG_WARN_DIRECT_OBJC_ISA_USAGE = YES_ERROR;
				CLANG_WARN_DOCUMENTATION_COMMENTS = YES;
				CLANG_WARN_EMPTY_BODY = YES;
				CLANG_WARN_ENUM_CONVERSION = YES;
				CLANG_WARN_INFINITE_RECURSION = YES;
				CLANG_WARN_INT_CONVERSION = YES;
				CLANG_WARN_OBJC_ROOT_CLASS = YES_ERROR;
				CLANG_WARN_SUSPICIOUS_MOVE = YES;
				CLANG_WARN_UNREACHABLE_CODE = YES;
				CLANG_WARN__DUPLICATE_METHOD_MATCH = YES;
				"CODE_SIGN_IDENTITY[sdk=iphoneos*]" = "iPhone Developer";
				COPY_PHASE_STRIP = NO;
				DEBUG_INFORMATION_FORMAT = dwarf;
				ENABLE_STRICT_OBJC_MSGSEND = YES;
				ENABLE_TESTABILITY = YES;
				GCC_C_LANGUAGE_STANDARD = gnu99;
				GCC_DYNAMIC_NO_PIC = NO;
				GCC_NO_COMMON_BLOCKS = YES;
				GCC_OPTIMIZATION_LEVEL = 0;
				GCC_PREPROCESSOR_DEFINITIONS = (
					"DEBUG=1",
					"$(inherited)",
				);
				GCC_WARN_64_TO_32_BIT_CONVERSION = YES;
				GCC_WARN_ABOUT_RETURN_TYPE = YES_ERROR;
				GCC_WARN_UNDECLARED_SELECTOR = YES;
				GCC_WARN_UNINITIALIZED_AUTOS = YES_AGGRESSIVE;
				GCC_WARN_UNUSED_FUNCTION = YES;
				GCC_WARN_UNUSED_VARIABLE = YES;
				IPHONEOS_DEPLOYMENT_TARGET = 10.3;
				MTL_ENABLE_DEBUG_INFO = YES;
				ONLY_ACTIVE_ARCH = YES;
				SDKROOT = iphoneos;
				TARGETED_DEVICE_FAMILY = "1,2";
			};
			name = Debug;
		};
		CE56D0AE1EF8CE20005F2CB9 /* Release */ = {
			isa = XCBuildConfiguration;
			buildSettings = {
				ALWAYS_SEARCH_USER_PATHS = NO;
				CLANG_ANALYZER_NONNULL = YES;
				CLANG_ANALYZER_NUMBER_OBJECT_CONVERSION = YES_AGGRESSIVE;
				CLANG_CXX_LANGUAGE_STANDARD = "gnu++0x";
				CLANG_CXX_LIBRARY = "libc++";
				CLANG_ENABLE_MODULES = YES;
				CLANG_ENABLE_OBJC_ARC = YES;
				CLANG_WARN_BOOL_CONVERSION = YES;
				CLANG_WARN_CONSTANT_CONVERSION = YES;
				CLANG_WARN_DIRECT_OBJC_ISA_USAGE = YES_ERROR;
				CLANG_WARN_DOCUMENTATION_COMMENTS = YES;
				CLANG_WARN_EMPTY_BODY = YES;
				CLANG_WARN_ENUM_CONVERSION = YES;
				CLANG_WARN_INFINITE_RECURSION = YES;
				CLANG_WARN_INT_CONVERSION = YES;
				CLANG_WARN_OBJC_ROOT_CLASS = YES_ERROR;
				CLANG_WARN_SUSPICIOUS_MOVE = YES;
				CLANG_WARN_UNREACHABLE_CODE = YES;
				CLANG_WARN__DUPLICATE_METHOD_MATCH = YES;
				"CODE_SIGN_IDENTITY[sdk=iphoneos*]" = "iPhone Developer";
				COPY_PHASE_STRIP = NO;
				DEBUG_INFORMATION_FORMAT = "dwarf-with-dsym";
				ENABLE_NS_ASSERTIONS = NO;
				ENABLE_STRICT_OBJC_MSGSEND = YES;
				GCC_C_LANGUAGE_STANDARD = gnu99;
				GCC_NO_COMMON_BLOCKS = YES;
				GCC_WARN_64_TO_32_BIT_CONVERSION = YES;
				GCC_WARN_ABOUT_RETURN_TYPE = YES_ERROR;
				GCC_WARN_UNDECLARED_SELECTOR = YES;
				GCC_WARN_UNINITIALIZED_AUTOS = YES_AGGRESSIVE;
				GCC_WARN_UNUSED_FUNCTION = YES;
				GCC_WARN_UNUSED_VARIABLE = YES;
				IPHONEOS_DEPLOYMENT_TARGET = 10.3;
				MTL_ENABLE_DEBUG_INFO = NO;
				SDKROOT = iphoneos;
				TARGETED_DEVICE_FAMILY = "1,2";
				VALIDATE_PRODUCT = YES;
			};
			name = Release;
		};
		CE56D0B01EF8CE20005F2CB9 /* Debug */ = {
			isa = XCBuildConfiguration;
			buildSettings = {
				ASSETCATALOG_COMPILER_APPICON_NAME = AppIcon;
				DEVELOPMENT_TEAM = XYWLXM32EU;
				INFOPLIST_FILE = LRCycleViewDemo/Info.plist;
				IPHONEOS_DEPLOYMENT_TARGET = 8.0;
				LD_RUNPATH_SEARCH_PATHS = "$(inherited) @executable_path/Frameworks";
				PRODUCT_BUNDLE_IDENTIFIER = com.degal.demo;
				PRODUCT_NAME = "$(TARGET_NAME)";
			};
			name = Debug;
		};
		CE56D0B11EF8CE20005F2CB9 /* Release */ = {
			isa = XCBuildConfiguration;
			buildSettings = {
				ASSETCATALOG_COMPILER_APPICON_NAME = AppIcon;
				DEVELOPMENT_TEAM = XYWLXM32EU;
				INFOPLIST_FILE = LRCycleViewDemo/Info.plist;
				IPHONEOS_DEPLOYMENT_TARGET = 8.0;
				LD_RUNPATH_SEARCH_PATHS = "$(inherited) @executable_path/Frameworks";
				PRODUCT_BUNDLE_IDENTIFIER = com.degal.demo;
				PRODUCT_NAME = "$(TARGET_NAME)";
			};
			name = Release;
		};
/* End XCBuildConfiguration section */

/* Begin XCConfigurationList section */
		CE56D0931EF8CE1F005F2CB9 /* Build configuration list for PBXProject "LRCycleViewDemo" */ = {
			isa = XCConfigurationList;
			buildConfigurations = (
				CE56D0AD1EF8CE20005F2CB9 /* Debug */,
				CE56D0AE1EF8CE20005F2CB9 /* Release */,
			);
			defaultConfigurationIsVisible = 0;
			defaultConfigurationName = Release;
		};
		CE56D0AF1EF8CE20005F2CB9 /* Build configuration list for PBXNativeTarget "LRCycleViewDemo" */ = {
			isa = XCConfigurationList;
			buildConfigurations = (
				CE56D0B01EF8CE20005F2CB9 /* Debug */,
				CE56D0B11EF8CE20005F2CB9 /* Release */,
			);
			defaultConfigurationIsVisible = 0;
			defaultConfigurationName = Release;
		};
/* End XCConfigurationList section */
	};
	rootObject = CE56D0901EF8CE1F005F2CB9 /* Project object */;
}
